
Microsoft Visual Studio Solution File, Format Version 12.00
# Visual Studio Version 16
VisualStudioVersion = 16.0.31205.134
MinimumVisualStudioVersion = 10.0.40219.1
Project("{FAE04EC0-301F-11D3-BF4B-00C04F79EFBC}") = "Entidades", "Publicación\Entidades.csproj", "{7260D47F-4A7F-4C64-A119-EAA817F0F36C}"
EndProject
Project("{FAE04EC0-301F-11D3-BF4B-00C04F79EFBC}") = "FrmTester", "FrmTester\FrmTester.csproj", "{5ABA3692-AB16-4A48-B575-F84395BEBB1A}"
EndProject
Global
	GlobalSection(SolutionConfigurationPlatforms) = preSolution
		Debug|Any CPU = Debug|Any CPU
		Release|Any CPU = Release|Any CPU
	EndGlobalSection
	GlobalSection(ProjectConfigurationPlatforms) = postSolution
		{7260D47F-4A7F-4C64-A119-EAA817F0F36C}.Debug|Any CPU.ActiveCfg = Debug|Any CPU
		{7260D47F-4A7F-4C64-A119-EAA817F0F36C}.Debug|Any CPU.Build.0 = Debug|Any CPU
		{7260D47F-4A7F-4C64-A119-EAA817F0F36C}.Release|Any CPU.ActiveCfg = Release|Any CPU
		{7260D47F-4A7F-4C64-A119-EAA817F0F36C}.Release|Any CPU.Build.0 = Release|Any CPU
		{5ABA3692-AB16-4A48-B575-F84395BEBB1A}.Debug|Any CPU.ActiveCfg = Debug|Any CPU
		{5ABA3692-AB16-4A48-B575-F84395BEBB1A}.Debug|Any CPU.Build.0 = Debug|Any CPU
		{5ABA3692-AB16-4A48-B575-F84395BEBB1A}.Release|Any CPU.ActiveCfg = Release|Any CPU
		{5ABA3692-AB16-4A48-B575-F84395BEBB1A}.Release|Any CPU.Build.0 = Release|Any CPU
	EndGlobalSection
	GlobalSection(SolutionProperties) = preSolution
		HideSolutionNode = FALSE
	EndGlobalSection
	GlobalSection(ExtensibilityGlobals) = postSolution
		SolutionGuid = {5B9A4FC2-7733-4319-A257-433DEF7D080C}
	EndGlobalSection
EndGlobal
